
Microsoft Visual Studio Solution File, Format Version 12.00
# Visual Studio Version 17
VisualStudioVersion = 17.11.35222.181
MinimumVisualStudioVersion = 10.0.40219.1
Project("{FAE04EC0-301F-11D3-BF4B-00C04F79EFBC}") = "FormsAuth", "FormsAuth\FormsAuth.csproj", "{87223E5F-A0B2-4827-A4A4-B4C40BEAFBE8}"
EndProject
Project("{9A19103F-16F7-4668-BE54-9A1E7A4F7556}") = "FormsCore8", "FormsCore8\FormsCore8.csproj", "{D2326EEC-B061-4B9A-8484-FA462BF306FF}"
EndProject
Project("{9A19103F-16F7-4668-BE54-9A1E7A4F7556}") = "FormsAuthCore", "FormsAuthCore\FormsAuthCore.csproj", "{F7F9B1B9-0B7B-4C81-8286-E57A3D1B9BEE}"
EndProject
Global
	GlobalSection(SolutionConfigurationPlatforms) = preSolution
		Debug|Any CPU = Debug|Any CPU
		Release|Any CPU = Release|Any CPU
	EndGlobalSection
	GlobalSection(ProjectConfigurationPlatforms) = postSolution
		{87223E5F-A0B2-4827-A4A4-B4C40BEAFBE8}.Debug|Any CPU.ActiveCfg = Debug|Any CPU
		{87223E5F-A0B2-4827-A4A4-B4C40BEAFBE8}.Debug|Any CPU.Build.0 = Debug|Any CPU
		{87223E5F-A0B2-4827-A4A4-B4C40BEAFBE8}.Release|Any CPU.ActiveCfg = Release|Any CPU
		{87223E5F-A0B2-4827-A4A4-B4C40BEAFBE8}.Release|Any CPU.Build.0 = Release|Any CPU
		{D2326EEC-B061-4B9A-8484-FA462BF306FF}.Debug|Any CPU.ActiveCfg = Debug|Any CPU
		{D2326EEC-B061-4B9A-8484-FA462BF306FF}.Debug|Any CPU.Build.0 = Debug|Any CPU
		{D2326EEC-B061-4B9A-8484-FA462BF306FF}.Release|Any CPU.ActiveCfg = Release|Any CPU
		{D2326EEC-B061-4B9A-8484-FA462BF306FF}.Release|Any CPU.Build.0 = Release|Any CPU
		{F7F9B1B9-0B7B-4C81-8286-E57A3D1B9BEE}.Debug|Any CPU.ActiveCfg = Debug|Any CPU
		{F7F9B1B9-0B7B-4C81-8286-E57A3D1B9BEE}.Debug|Any CPU.Build.0 = Debug|Any CPU
		{F7F9B1B9-0B7B-4C81-8286-E57A3D1B9BEE}.Release|Any CPU.ActiveCfg = Release|Any CPU
		{F7F9B1B9-0B7B-4C81-8286-E57A3D1B9BEE}.Release|Any CPU.Build.0 = Release|Any CPU
	EndGlobalSection
	GlobalSection(SolutionProperties) = preSolution
		HideSolutionNode = FALSE
	EndGlobalSection
	GlobalSection(ExtensibilityGlobals) = postSolution
		SolutionGuid = {48ED7AFC-1ACF-45F7-A0EC-602258061B92}
	EndGlobalSection
EndGlobal
